
Microsoft Visual Studio Solution File, Format Version 12.00
# Visual Studio Version 16
VisualStudioVersion = 16.0.31624.102
MinimumVisualStudioVersion = 10.0.40219.1
Project("{8BC9CEB8-8B4A-11D0-8D11-00A0C91BC942}") = "ConsoleApplication25", "ConsoleApplication25.vcxproj", "{685B17A5-0519-4F7F-B061-1B866A2E4582}"
EndProject
Global
	GlobalSection(SolutionConfigurationPlatforms) = preSolution
		Debug|x64 = Debug|x64
		Debug|x86 = Debug|x86
		Release|x64 = Release|x64
		Release|x86 = Release|x86
	EndGlobalSection
	GlobalSection(ProjectConfigurationPlatforms) = postSolution
		{685B17A5-0519-4F7F-B061-1B866A2E4582}.Debug|x64.ActiveCfg = Debug|x64
		{685B17A5-0519-4F7F-B061-1B866A2E4582}.Debug|x64.Build.0 = Debug|x64
		{685B17A5-0519-4F7F-B061-1B866A2E4582}.Debug|x86.ActiveCfg = Debug|Win32
		{685B17A5-0519-4F7F-B061-1B866A2E4582}.Debug|x86.Build.0 = Debug|Win32
		{685B17A5-0519-4F7F-B061-1B866A2E4582}.Release|x64.ActiveCfg = Release|x64
		{685B17A5-0519-4F7F-B061-1B866A2E4582}.Release|x64.Build.0 = Release|x64
		{685B17A5-0519-4F7F-B061-1B866A2E4582}.Release|x86.ActiveCfg = Release|Win32
		{685B17A5-0519-4F7F-B061-1B866A2E4582}.Release|x86.Build.0 = Release|Win32
	EndGlobalSection
	GlobalSection(SolutionProperties) = preSolution
		HideSolutionNode = FALSE
	EndGlobalSection
	GlobalSection(ExtensibilityGlobals) = postSolution
		SolutionGuid = {92A03894-3592-4652-B136-877F3D806068}
	EndGlobalSection
EndGlobal
